// !$*UTF8*$!
{
	archiveVersion = 1;
	classes = {
	};
	objectVersion = 46;
	objects = {

/* Begin PBXBuildFile section */
		633415691C570E5C000023C8 /* flat.png in Resources */ = {isa = PBXBuildFile; fileRef = 633415641C570E5C000023C8 /* flat.png */; };
		6334156A1C570E5C000023C8 /* natural.png in Resources */ = {isa = PBXBuildFile; fileRef = 633415651C570E5C000023C8 /* natural.png */; };
		6334156B1C570E5C000023C8 /* sharp.png in Resources */ = {isa = PBXBuildFile; fileRef = 633415661C570E5C000023C8 /* sharp.png */; };
		6334156C1C570E5C000023C8 /* staff.jpg in Resources */ = {isa = PBXBuildFile; fileRef = 633415671C570E5C000023C8 /* staff.jpg */; };
		6334156D1C570E5C000023C8 /* whole-note.png in Resources */ = {isa = PBXBuildFile; fileRef = 633415681C570E5C000023C8 /* whole-note.png */; };
		633415721C570F36000023C8 /* Note.swift in Sources */ = {isa = PBXBuildFile; fileRef = 6334156E1C570F36000023C8 /* Note.swift */; };
		633415731C570F36000023C8 /* Scale.swift in Sources */ = {isa = PBXBuildFile; fileRef = 6334156F1C570F36000023C8 /* Scale.swift */; };
		633415741C570F36000023C8 /* Triad.swift in Sources */ = {isa = PBXBuildFile; fileRef = 633415701C570F36000023C8 /* Triad.swift */; };
		633415751C570F36000023C8 /* MusicNotationViewController.swift in Sources */ = {isa = PBXBuildFile; fileRef = 633415711C570F36000023C8 /* MusicNotationViewController.swift */; };
		6339639A1C57D50600A1AA37 /* SinglePlayerViewController.swift in Sources */ = {isa = PBXBuildFile; fileRef = 633963991C57D50600A1AA37 /* SinglePlayerViewController.swift */; };
		6339639C1C57D7E100A1AA37 /* whole-note-score.png in Resources */ = {isa = PBXBuildFile; fileRef = 6339639B1C57D7E100A1AA37 /* whole-note-score.png */; };
		63483D401C57D86D00A5C515 /* quarter-note.png in Resources */ = {isa = PBXBuildFile; fileRef = 63483D3C1C57D86D00A5C515 /* quarter-note.png */; };
		63483D411C57D86D00A5C515 /* half-note.png in Resources */ = {isa = PBXBuildFile; fileRef = 63483D3D1C57D86D00A5C515 /* half-note.png */; };
		63483D421C57D86D00A5C515 /* whole-rest.png in Resources */ = {isa = PBXBuildFile; fileRef = 63483D3E1C57D86D00A5C515 /* whole-rest.png */; };
		63483D431C57D86D00A5C515 /* quarter-rest.png in Resources */ = {isa = PBXBuildFile; fileRef = 63483D3F1C57D86D00A5C515 /* quarter-rest.png */; };
		63483D451C58217900A5C515 /* headphones.png in Resources */ = {isa = PBXBuildFile; fileRef = 63483D441C58217900A5C515 /* headphones.png */; };
		63483D471C5821BA00A5C515 /* Interval.swift in Sources */ = {isa = PBXBuildFile; fileRef = 63483D461C5821BA00A5C515 /* Interval.swift */; };
		63483D4B1C5823F900A5C515 /* AudioPlayer.swift in Sources */ = {isa = PBXBuildFile; fileRef = 63483D4A1C5823F900A5C515 /* AudioPlayer.swift */; };
		63483D4C1C582C1A00A5C515 /* AudioKit.framework in Frameworks */ = {isa = PBXBuildFile; fileRef = 63483D481C58235F00A5C515 /* AudioKit.framework */; };
		63483D4D1C582C1A00A5C515 /* AudioKit.framework in Embed Frameworks */ = {isa = PBXBuildFile; fileRef = 63483D481C58235F00A5C515 /* AudioKit.framework */; settings = {ATTRIBUTES = (CodeSignOnCopy, RemoveHeadersOnCopy, ); }; };
		63483D501C58381A00A5C515 /* Connection.swift in Sources */ = {isa = PBXBuildFile; fileRef = 63483D4F1C58381A00A5C515 /* Connection.swift */; };
		63483D681C58389500A5C515 /* SocketAckEmitter.swift in Sources */ = {isa = PBXBuildFile; fileRef = 63483D521C58389500A5C515 /* SocketAckEmitter.swift */; };
		63483D691C58389500A5C515 /* SocketAckManager.swift in Sources */ = {isa = PBXBuildFile; fileRef = 63483D531C58389500A5C515 /* SocketAckManager.swift */; };
		63483D6A1C58389500A5C515 /* SocketAnyEvent.swift in Sources */ = {isa = PBXBuildFile; fileRef = 63483D541C58389500A5C515 /* SocketAnyEvent.swift */; };
		63483D6B1C58389500A5C515 /* SocketClientSpec.swift in Sources */ = {isa = PBXBuildFile; fileRef = 63483D551C58389500A5C515 /* SocketClientSpec.swift */; };
		63483D6D1C58389500A5C515 /* SocketEngine.swift in Sources */ = {isa = PBXBuildFile; fileRef = 63483D571C58389500A5C515 /* SocketEngine.swift */; };
		63483D6E1C58389500A5C515 /* SocketEngineClient.swift in Sources */ = {isa = PBXBuildFile; fileRef = 63483D581C58389500A5C515 /* SocketEngineClient.swift */; };
		63483D6F1C58389500A5C515 /* SocketEnginePacketType.swift in Sources */ = {isa = PBXBuildFile; fileRef = 63483D591C58389500A5C515 /* SocketEnginePacketType.swift */; };
		63483D701C58389500A5C515 /* SocketEngineSpec.swift in Sources */ = {isa = PBXBuildFile; fileRef = 63483D5A1C58389500A5C515 /* SocketEngineSpec.swift */; };
		63483D711C58389500A5C515 /* SocketEventHandler.swift in Sources */ = {isa = PBXBuildFile; fileRef = 63483D5B1C58389500A5C515 /* SocketEventHandler.swift */; };
		63483D721C58389500A5C515 /* SocketFixUTF8.swift in Sources */ = {isa = PBXBuildFile; fileRef = 63483D5C1C58389500A5C515 /* SocketFixUTF8.swift */; };
		63483D731C58389500A5C515 /* SocketIOClient.swift in Sources */ = {isa = PBXBuildFile; fileRef = 63483D5D1C58389500A5C515 /* SocketIOClient.swift */; };
		63483D741C58389500A5C515 /* SocketIOClientOption.swift in Sources */ = {isa = PBXBuildFile; fileRef = 63483D5E1C58389500A5C515 /* SocketIOClientOption.swift */; };
		63483D751C58389500A5C515 /* SocketIOClientStatus.swift in Sources */ = {isa = PBXBuildFile; fileRef = 63483D5F1C58389500A5C515 /* SocketIOClientStatus.swift */; };
		63483D761C58389500A5C515 /* SocketLogger.swift in Sources */ = {isa = PBXBuildFile; fileRef = 63483D601C58389500A5C515 /* SocketLogger.swift */; };
		63483D771C58389500A5C515 /* SocketPacket.swift in Sources */ = {isa = PBXBuildFile; fileRef = 63483D611C58389500A5C515 /* SocketPacket.swift */; };
		63483D781C58389500A5C515 /* SocketParsable.swift in Sources */ = {isa = PBXBuildFile; fileRef = 63483D621C58389500A5C515 /* SocketParsable.swift */; };
		63483D791C58389500A5C515 /* SocketStringReader.swift in Sources */ = {isa = PBXBuildFile; fileRef = 63483D631C58389500A5C515 /* SocketStringReader.swift */; };
		63483D7A1C58389500A5C515 /* SocketTypes.swift in Sources */ = {isa = PBXBuildFile; fileRef = 63483D641C58389500A5C515 /* SocketTypes.swift */; };
		63483D7B1C58389500A5C515 /* SwiftRegex.swift in Sources */ = {isa = PBXBuildFile; fileRef = 63483D651C58389500A5C515 /* SwiftRegex.swift */; };
		63483D7D1C58389500A5C515 /* WebSocket.swift in Sources */ = {isa = PBXBuildFile; fileRef = 63483D671C58389500A5C515 /* WebSocket.swift */; };
		63483D7F1C58510000A5C515 /* RouletteViewController.swift in Sources */ = {isa = PBXBuildFile; fileRef = 63483D7E1C58510000A5C515 /* RouletteViewController.swift */; };
		63506EF51C56D0BA00AA0C6B /* HomeViewController.swift in Sources */ = {isa = PBXBuildFile; fileRef = 63506EF41C56D0BA00AA0C6B /* HomeViewController.swift */; };
		63506EF71C56DE4900AA0C6B /* UserData.swift in Sources */ = {isa = PBXBuildFile; fileRef = 63506EF61C56DE4900AA0C6B /* UserData.swift */; };
		63B581D01C56E15300EFD835 /* rogue.png in Resources */ = {isa = PBXBuildFile; fileRef = 63B581CF1C56E15300EFD835 /* rogue.png */; };
		63B581D31C56EED100EFD835 /* ZenModeViewController.swift in Sources */ = {isa = PBXBuildFile; fileRef = 63B581D21C56EED100EFD835 /* ZenModeViewController.swift */; };
		63B581D51C56F62F00EFD835 /* ZenModeSettingsTableViewController.swift in Sources */ = {isa = PBXBuildFile; fileRef = 63B581D41C56F62F00EFD835 /* ZenModeSettingsTableViewController.swift */; };
		63B581D71C56F75C00EFD835 /* Game.swift in Sources */ = {isa = PBXBuildFile; fileRef = 63B581D61C56F75C00EFD835 /* Game.swift */; };
		63DD6AA11C569F7500E50A6B /* AppDelegate.swift in Sources */ = {isa = PBXBuildFile; fileRef = 63DD6AA01C569F7500E50A6B /* AppDelegate.swift */; };
		63DD6AA31C569F7500E50A6B /* HomeTableViewController.swift in Sources */ = {isa = PBXBuildFile; fileRef = 63DD6AA21C569F7500E50A6B /* HomeTableViewController.swift */; };
		63DD6AA61C569F7500E50A6B /* Main.storyboard in Resources */ = {isa = PBXBuildFile; fileRef = 63DD6AA41C569F7500E50A6B /* Main.storyboard */; };
		63DD6AA91C569F7500E50A6B /* MusicalTrivia.xcdatamodeld in Sources */ = {isa = PBXBuildFile; fileRef = 63DD6AA71C569F7500E50A6B /* MusicalTrivia.xcdatamodeld */; };
		63DD6AAB1C569F7500E50A6B /* Assets.xcassets in Resources */ = {isa = PBXBuildFile; fileRef = 63DD6AAA1C569F7500E50A6B /* Assets.xcassets */; };
		63DD6AAE1C569F7500E50A6B /* LaunchScreen.storyboard in Resources */ = {isa = PBXBuildFile; fileRef = 63DD6AAC1C569F7500E50A6B /* LaunchScreen.storyboard */; };
/* End PBXBuildFile section */

/* Begin PBXCopyFilesBuildPhase section */
		63483D4E1C582C1A00A5C515 /* Embed Frameworks */ = {
			isa = PBXCopyFilesBuildPhase;
			buildActionMask = 2147483647;
			dstPath = "";
			dstSubfolderSpec = 10;
			files = (
				63483D4D1C582C1A00A5C515 /* AudioKit.framework in Embed Frameworks */,
			);
			name = "Embed Frameworks";
			runOnlyForDeploymentPostprocessing = 0;
		};
/* End PBXCopyFilesBuildPhase section */

/* Begin PBXFileReference section */
		633415641C570E5C000023C8 /* flat.png */ = {isa = PBXFileReference; lastKnownFileType = image.png; path = flat.png; sourceTree = "<group>"; };
		633415651C570E5C000023C8 /* natural.png */ = {isa = PBXFileReference; lastKnownFileType = image.png; path = natural.png; sourceTree = "<group>"; };
		633415661C570E5C000023C8 /* sharp.png */ = {isa = PBXFileReference; lastKnownFileType = image.png; path = sharp.png; sourceTree = "<group>"; };
		633415671C570E5C000023C8 /* staff.jpg */ = {isa = PBXFileReference; lastKnownFileType = image.jpeg; path = staff.jpg; sourceTree = "<group>"; };
		633415681C570E5C000023C8 /* whole-note.png */ = {isa = PBXFileReference; lastKnownFileType = image.png; path = "whole-note.png"; sourceTree = "<group>"; };
		6334156E1C570F36000023C8 /* Note.swift */ = {isa = PBXFileReference; fileEncoding = 4; lastKnownFileType = sourcecode.swift; path = Note.swift; sourceTree = "<group>"; };
		6334156F1C570F36000023C8 /* Scale.swift */ = {isa = PBXFileReference; fileEncoding = 4; lastKnownFileType = sourcecode.swift; path = Scale.swift; sourceTree = "<group>"; };
		633415701C570F36000023C8 /* Triad.swift */ = {isa = PBXFileReference; fileEncoding = 4; lastKnownFileType = sourcecode.swift; path = Triad.swift; sourceTree = "<group>"; };
		633415711C570F36000023C8 /* MusicNotationViewController.swift */ = {isa = PBXFileReference; fileEncoding = 4; lastKnownFileType = sourcecode.swift; path = MusicNotationViewController.swift; sourceTree = "<group>"; };
		633963991C57D50600A1AA37 /* SinglePlayerViewController.swift */ = {isa = PBXFileReference; fileEncoding = 4; lastKnownFileType = sourcecode.swift; path = SinglePlayerViewController.swift; sourceTree = "<group>"; };
		6339639B1C57D7E100A1AA37 /* whole-note-score.png */ = {isa = PBXFileReference; lastKnownFileType = image.png; path = "whole-note-score.png"; sourceTree = "<group>"; };
		63483D3C1C57D86D00A5C515 /* quarter-note.png */ = {isa = PBXFileReference; lastKnownFileType = image.png; name = "quarter-note.png"; path = "../../../../../../Downloads/quarter-note.png"; sourceTree = "<group>"; };
		63483D3D1C57D86D00A5C515 /* half-note.png */ = {isa = PBXFileReference; lastKnownFileType = image.png; name = "half-note.png"; path = "../../../../../../Downloads/half-note.png"; sourceTree = "<group>"; };
		63483D3E1C57D86D00A5C515 /* whole-rest.png */ = {isa = PBXFileReference; lastKnownFileType = image.png; name = "whole-rest.png"; path = "../../../../../../Downloads/whole-rest.png"; sourceTree = "<group>"; };
		63483D3F1C57D86D00A5C515 /* quarter-rest.png */ = {isa = PBXFileReference; lastKnownFileType = image.png; name = "quarter-rest.png"; path = "../../../../../../Downloads/quarter-rest.png"; sourceTree = "<group>"; };
		63483D441C58217900A5C515 /* headphones.png */ = {isa = PBXFileReference; lastKnownFileType = image.png; path = headphones.png; sourceTree = "<group>"; };
		63483D461C5821BA00A5C515 /* Interval.swift */ = {isa = PBXFileReference; fileEncoding = 4; lastKnownFileType = sourcecode.swift; path = Interval.swift; sourceTree = "<group>"; };
		63483D481C58235F00A5C515 /* AudioKit.framework */ = {isa = PBXFileReference; lastKnownFileType = wrapper.framework; path = AudioKit.framework; sourceTree = "<group>"; };
		63483D4A1C5823F900A5C515 /* AudioPlayer.swift */ = {isa = PBXFileReference; fileEncoding = 4; lastKnownFileType = sourcecode.swift; path = AudioPlayer.swift; sourceTree = "<group>"; };
		63483D4F1C58381A00A5C515 /* Connection.swift */ = {isa = PBXFileReference; fileEncoding = 4; lastKnownFileType = sourcecode.swift; path = Connection.swift; sourceTree = "<group>"; };
		63483D521C58389500A5C515 /* SocketAckEmitter.swift */ = {isa = PBXFileReference; fileEncoding = 4; lastKnownFileType = sourcecode.swift; path = SocketAckEmitter.swift; sourceTree = "<group>"; };
		63483D531C58389500A5C515 /* SocketAckManager.swift */ = {isa = PBXFileReference; fileEncoding = 4; lastKnownFileType = sourcecode.swift; path = SocketAckManager.swift; sourceTree = "<group>"; };
		63483D541C58389500A5C515 /* SocketAnyEvent.swift */ = {isa = PBXFileReference; fileEncoding = 4; lastKnownFileType = sourcecode.swift; path = SocketAnyEvent.swift; sourceTree = "<group>"; };
		63483D551C58389500A5C515 /* SocketClientSpec.swift */ = {isa = PBXFileReference; fileEncoding = 4; lastKnownFileType = sourcecode.swift; path = SocketClientSpec.swift; sourceTree = "<group>"; };
		63483D571C58389500A5C515 /* SocketEngine.swift */ = {isa = PBXFileReference; fileEncoding = 4; lastKnownFileType = sourcecode.swift; path = SocketEngine.swift; sourceTree = "<group>"; };
		63483D581C58389500A5C515 /* SocketEngineClient.swift */ = {isa = PBXFileReference; fileEncoding = 4; lastKnownFileType = sourcecode.swift; path = SocketEngineClient.swift; sourceTree = "<group>"; };
		63483D591C58389500A5C515 /* SocketEnginePacketType.swift */ = {isa = PBXFileReference; fileEncoding = 4; lastKnownFileType = sourcecode.swift; path = SocketEnginePacketType.swift; sourceTree = "<group>"; };
		63483D5A1C58389500A5C515 /* SocketEngineSpec.swift */ = {isa = PBXFileReference; fileEncoding = 4; lastKnownFileType = sourcecode.swift; path = SocketEngineSpec.swift; sourceTree = "<group>"; };
		63483D5B1C58389500A5C515 /* SocketEventHandler.swift */ = {isa = PBXFileReference; fileEncoding = 4; lastKnownFileType = sourcecode.swift; path = SocketEventHandler.swift; sourceTree = "<group>"; };
		63483D5C1C58389500A5C515 /* SocketFixUTF8.swift */ = {isa = PBXFileReference; fileEncoding = 4; lastKnownFileType = sourcecode.swift; path = SocketFixUTF8.swift; sourceTree = "<group>"; };
		63483D5D1C58389500A5C515 /* SocketIOClient.swift */ = {isa = PBXFileReference; fileEncoding = 4; lastKnownFileType = sourcecode.swift; path = SocketIOClient.swift; sourceTree = "<group>"; };
		63483D5E1C58389500A5C515 /* SocketIOClientOption.swift */ = {isa = PBXFileReference; fileEncoding = 4; lastKnownFileType = sourcecode.swift; path = SocketIOClientOption.swift; sourceTree = "<group>"; };
		63483D5F1C58389500A5C515 /* SocketIOClientStatus.swift */ = {isa = PBXFileReference; fileEncoding = 4; lastKnownFileType = sourcecode.swift; path = SocketIOClientStatus.swift; sourceTree = "<group>"; };
		63483D601C58389500A5C515 /* SocketLogger.swift */ = {isa = PBXFileReference; fileEncoding = 4; lastKnownFileType = sourcecode.swift; path = SocketLogger.swift; sourceTree = "<group>"; };
		63483D611C58389500A5C515 /* SocketPacket.swift */ = {isa = PBXFileReference; fileEncoding = 4; lastKnownFileType = sourcecode.swift; path = SocketPacket.swift; sourceTree = "<group>"; };
		63483D621C58389500A5C515 /* SocketParsable.swift */ = {isa = PBXFileReference; fileEncoding = 4; lastKnownFileType = sourcecode.swift; path = SocketParsable.swift; sourceTree = "<group>"; };
		63483D631C58389500A5C515 /* SocketStringReader.swift */ = {isa = PBXFileReference; fileEncoding = 4; lastKnownFileType = sourcecode.swift; path = SocketStringReader.swift; sourceTree = "<group>"; };
		63483D641C58389500A5C515 /* SocketTypes.swift */ = {isa = PBXFileReference; fileEncoding = 4; lastKnownFileType = sourcecode.swift; path = SocketTypes.swift; sourceTree = "<group>"; };
		63483D651C58389500A5C515 /* SwiftRegex.swift */ = {isa = PBXFileReference; fileEncoding = 4; lastKnownFileType = sourcecode.swift; path = SwiftRegex.swift; sourceTree = "<group>"; };
		63483D671C58389500A5C515 /* WebSocket.swift */ = {isa = PBXFileReference; fileEncoding = 4; lastKnownFileType = sourcecode.swift; path = WebSocket.swift; sourceTree = "<group>"; };
		63483D7E1C58510000A5C515 /* RouletteViewController.swift */ = {isa = PBXFileReference; fileEncoding = 4; lastKnownFileType = sourcecode.swift; path = RouletteViewController.swift; sourceTree = "<group>"; };
		63506EF41C56D0BA00AA0C6B /* HomeViewController.swift */ = {isa = PBXFileReference; fileEncoding = 4; lastKnownFileType = sourcecode.swift; path = HomeViewController.swift; sourceTree = "<group>"; };
		63506EF61C56DE4900AA0C6B /* UserData.swift */ = {isa = PBXFileReference; fileEncoding = 4; lastKnownFileType = sourcecode.swift; path = UserData.swift; sourceTree = "<group>"; };
		63B581CF1C56E15300EFD835 /* rogue.png */ = {isa = PBXFileReference; lastKnownFileType = image.png; path = rogue.png; sourceTree = "<group>"; };
		63B581D21C56EED100EFD835 /* ZenModeViewController.swift */ = {isa = PBXFileReference; fileEncoding = 4; lastKnownFileType = sourcecode.swift; path = ZenModeViewController.swift; sourceTree = "<group>"; };
		63B581D41C56F62F00EFD835 /* ZenModeSettingsTableViewController.swift */ = {isa = PBXFileReference; fileEncoding = 4; lastKnownFileType = sourcecode.swift; path = ZenModeSettingsTableViewController.swift; sourceTree = "<group>"; };
		63B581D61C56F75C00EFD835 /* Game.swift */ = {isa = PBXFileReference; fileEncoding = 4; lastKnownFileType = sourcecode.swift; path = Game.swift; sourceTree = "<group>"; };
		63DD6A9D1C569F7500E50A6B /* MusicalTrivia.app */ = {isa = PBXFileReference; explicitFileType = wrapper.application; includeInIndex = 0; path = MusicalTrivia.app; sourceTree = BUILT_PRODUCTS_DIR; };
		63DD6AA01C569F7500E50A6B /* AppDelegate.swift */ = {isa = PBXFileReference; lastKnownFileType = sourcecode.swift; path = AppDelegate.swift; sourceTree = "<group>"; };
		63DD6AA21C569F7500E50A6B /* HomeTableViewController.swift */ = {isa = PBXFileReference; lastKnownFileType = sourcecode.swift; path = HomeTableViewController.swift; sourceTree = "<group>"; };
		63DD6AA51C569F7500E50A6B /* Base */ = {isa = PBXFileReference; lastKnownFileType = file.storyboard; name = Base; path = Base.lproj/Main.storyboard; sourceTree = "<group>"; };
		63DD6AA81C569F7500E50A6B /* MusicalTrivia.xcdatamodel */ = {isa = PBXFileReference; lastKnownFileType = wrapper.xcdatamodel; path = MusicalTrivia.xcdatamodel; sourceTree = "<group>"; };
		63DD6AAA1C569F7500E50A6B /* Assets.xcassets */ = {isa = PBXFileReference; lastKnownFileType = folder.assetcatalog; path = Assets.xcassets; sourceTree = "<group>"; };
		63DD6AAD1C569F7500E50A6B /* Base */ = {isa = PBXFileReference; lastKnownFileType = file.storyboard; name = Base; path = Base.lproj/LaunchScreen.storyboard; sourceTree = "<group>"; };
		63DD6AAF1C569F7500E50A6B /* Info.plist */ = {isa = PBXFileReference; lastKnownFileType = text.plist.xml; path = Info.plist; sourceTree = "<group>"; };
/* End PBXFileReference section */

/* Begin PBXFrameworksBuildPhase section */
		63DD6A9A1C569F7500E50A6B /* Frameworks */ = {
			isa = PBXFrameworksBuildPhase;
			buildActionMask = 2147483647;
			files = (
				63483D4C1C582C1A00A5C515 /* AudioKit.framework in Frameworks */,
			);
			runOnlyForDeploymentPostprocessing = 0;
		};
/* End PBXFrameworksBuildPhase section */

/* Begin PBXGroup section */
		633415761C570F3E000023C8 /* NotationModels */ = {
			isa = PBXGroup;
			children = (
				6334156E1C570F36000023C8 /* Note.swift */,
				6334156F1C570F36000023C8 /* Scale.swift */,
				63483D461C5821BA00A5C515 /* Interval.swift */,
				63483D4A1C5823F900A5C515 /* AudioPlayer.swift */,
				633415701C570F36000023C8 /* Triad.swift */,
			);
			name = NotationModels;
			sourceTree = "<group>";
		};
		63483D511C58388900A5C515 /* SocketIO */ = {
			isa = PBXGroup;
			children = (
				63483D521C58389500A5C515 /* SocketAckEmitter.swift */,
				63483D531C58389500A5C515 /* SocketAckManager.swift */,
				63483D541C58389500A5C515 /* SocketAnyEvent.swift */,
				63483D551C58389500A5C515 /* SocketClientSpec.swift */,
				63483D571C58389500A5C515 /* SocketEngine.swift */,
				63483D581C58389500A5C515 /* SocketEngineClient.swift */,
				63483D591C58389500A5C515 /* SocketEnginePacketType.swift */,
				63483D5A1C58389500A5C515 /* SocketEngineSpec.swift */,
				63483D5B1C58389500A5C515 /* SocketEventHandler.swift */,
				63483D5C1C58389500A5C515 /* SocketFixUTF8.swift */,
				63483D5D1C58389500A5C515 /* SocketIOClient.swift */,
				63483D5E1C58389500A5C515 /* SocketIOClientOption.swift */,
				63483D5F1C58389500A5C515 /* SocketIOClientStatus.swift */,
				63483D601C58389500A5C515 /* SocketLogger.swift */,
				63483D611C58389500A5C515 /* SocketPacket.swift */,
				63483D621C58389500A5C515 /* SocketParsable.swift */,
				63483D631C58389500A5C515 /* SocketStringReader.swift */,
				63483D641C58389500A5C515 /* SocketTypes.swift */,
				63483D651C58389500A5C515 /* SwiftRegex.swift */,
				63483D671C58389500A5C515 /* WebSocket.swift */,
			);
			name = SocketIO;
			sourceTree = "<group>";
		};
		63B581D11C56EAEA00EFD835 /* images */ = {
			isa = PBXGroup;
			children = (
				63483D3C1C57D86D00A5C515 /* quarter-note.png */,
				63483D3D1C57D86D00A5C515 /* half-note.png */,
				63483D3E1C57D86D00A5C515 /* whole-rest.png */,
				63483D3F1C57D86D00A5C515 /* quarter-rest.png */,
				6339639B1C57D7E100A1AA37 /* whole-note-score.png */,
				633415641C570E5C000023C8 /* flat.png */,
				633415651C570E5C000023C8 /* natural.png */,
				63483D441C58217900A5C515 /* headphones.png */,
				633415661C570E5C000023C8 /* sharp.png */,
				633415671C570E5C000023C8 /* staff.jpg */,
				633415681C570E5C000023C8 /* whole-note.png */,
				63B581CF1C56E15300EFD835 /* rogue.png */,
			);
			name = images;
			sourceTree = "<group>";
		};
		63DD6A941C569F7500E50A6B = {
			isa = PBXGroup;
			children = (
				63483D481C58235F00A5C515 /* AudioKit.framework */,
				63DD6A9F1C569F7500E50A6B /* MusicalTrivia */,
				63DD6A9E1C569F7500E50A6B /* Products */,
			);
			sourceTree = "<group>";
		};
		63DD6A9E1C569F7500E50A6B /* Products */ = {
			isa = PBXGroup;
			children = (
				63DD6A9D1C569F7500E50A6B /* MusicalTrivia.app */,
			);
			name = Products;
			sourceTree = "<group>";
		};
		63DD6A9F1C569F7500E50A6B /* MusicalTrivia */ = {
			isa = PBXGroup;
			children = (
				63DD6AA01C569F7500E50A6B /* AppDelegate.swift */,
				63DD6AA21C569F7500E50A6B /* HomeTableViewController.swift */,
				63483D7E1C58510000A5C515 /* RouletteViewController.swift */,
				63506EF61C56DE4900AA0C6B /* UserData.swift */,
				63506EF41C56D0BA00AA0C6B /* HomeViewController.swift */,
				63DD6AA41C569F7500E50A6B /* Main.storyboard */,
				633963991C57D50600A1AA37 /* SinglePlayerViewController.swift */,
				63483D511C58388900A5C515 /* SocketIO */,
				63B581D41C56F62F00EFD835 /* ZenModeSettingsTableViewController.swift */,
				63B581D61C56F75C00EFD835 /* Game.swift */,
				63B581D21C56EED100EFD835 /* ZenModeViewController.swift */,
				633415761C570F3E000023C8 /* NotationModels */,
				633415711C570F36000023C8 /* MusicNotationViewController.swift */,
				63483D4F1C58381A00A5C515 /* Connection.swift */,
				63DD6AAA1C569F7500E50A6B /* Assets.xcassets */,
				63DD6AAC1C569F7500E50A6B /* LaunchScreen.storyboard */,
				63DD6AAF1C569F7500E50A6B /* Info.plist */,
				63DD6AA71C569F7500E50A6B /* MusicalTrivia.xcdatamodeld */,
				63B581D11C56EAEA00EFD835 /* images */,
			);
			path = MusicalTrivia;
			sourceTree = "<group>";
		};
/* End PBXGroup section */

/* Begin PBXNativeTarget section */
		63DD6A9C1C569F7500E50A6B /* MusicalTrivia */ = {
			isa = PBXNativeTarget;
			buildConfigurationList = 63DD6AB21C569F7500E50A6B /* Build configuration list for PBXNativeTarget "MusicalTrivia" */;
			buildPhases = (
				63DD6A991C569F7500E50A6B /* Sources */,
				63DD6A9A1C569F7500E50A6B /* Frameworks */,
				63DD6A9B1C569F7500E50A6B /* Resources */,
				63483D4E1C582C1A00A5C515 /* Embed Frameworks */,
			);
			buildRules = (
			);
			dependencies = (
			);
			name = MusicalTrivia;
			productName = MusicalTrivia;
			productReference = 63DD6A9D1C569F7500E50A6B /* MusicalTrivia.app */;
			productType = "com.apple.product-type.application";
		};
/* End PBXNativeTarget section */

/* Begin PBXProject section */
		63DD6A951C569F7500E50A6B /* Project object */ = {
			isa = PBXProject;
			attributes = {
				LastSwiftUpdateCheck = 0720;
				LastUpgradeCheck = 0720;
				ORGANIZATIONNAME = David;
				TargetAttributes = {
					63DD6A9C1C569F7500E50A6B = {
						CreatedOnToolsVersion = 7.2;
						DevelopmentTeam = PL5JYJQ5N7;
					};
				};
			};
			buildConfigurationList = 63DD6A981C569F7500E50A6B /* Build configuration list for PBXProject "MusicalTrivia" */;
			compatibilityVersion = "Xcode 3.2";
			developmentRegion = English;
			hasScannedForEncodings = 0;
			knownRegions = (
				en,
				Base,
			);
			mainGroup = 63DD6A941C569F7500E50A6B;
			productRefGroup = 63DD6A9E1C569F7500E50A6B /* Products */;
			projectDirPath = "";
			projectRoot = "";
			targets = (
				63DD6A9C1C569F7500E50A6B /* MusicalTrivia */,
			);
		};
/* End PBXProject section */

/* Begin PBXResourcesBuildPhase section */
		63DD6A9B1C569F7500E50A6B /* Resources */ = {
			isa = PBXResourcesBuildPhase;
			buildActionMask = 2147483647;
			files = (
				6339639C1C57D7E100A1AA37 /* whole-note-score.png in Resources */,
				63DD6AAE1C569F7500E50A6B /* LaunchScreen.storyboard in Resources */,
				63483D411C57D86D00A5C515 /* half-note.png in Resources */,
				63483D401C57D86D00A5C515 /* quarter-note.png in Resources */,
				6334156A1C570E5C000023C8 /* natural.png in Resources */,
				633415691C570E5C000023C8 /* flat.png in Resources */,
				63DD6AAB1C569F7500E50A6B /* Assets.xcassets in Resources */,
				6334156C1C570E5C000023C8 /* staff.jpg in Resources */,
				63B581D01C56E15300EFD835 /* rogue.png in Resources */,
				6334156B1C570E5C000023C8 /* sharp.png in Resources */,
				63483D431C57D86D00A5C515 /* quarter-rest.png in Resources */,
				63483D451C58217900A5C515 /* headphones.png in Resources */,
				63483D421C57D86D00A5C515 /* whole-rest.png in Resources */,
				6334156D1C570E5C000023C8 /* whole-note.png in Resources */,
				63DD6AA61C569F7500E50A6B /* Main.storyboard in Resources */,
			);
			runOnlyForDeploymentPostprocessing = 0;
		};
/* End PBXResourcesBuildPhase section */

/* Begin PBXSourcesBuildPhase section */
		63DD6A991C569F7500E50A6B /* Sources */ = {
			isa = PBXSourcesBuildPhase;
			buildActionMask = 2147483647;
			files = (
				6339639A1C57D50600A1AA37 /* SinglePlayerViewController.swift in Sources */,
				63483D751C58389500A5C515 /* SocketIOClientStatus.swift in Sources */,
				63DD6AA31C569F7500E50A6B /* HomeTableViewController.swift in Sources */,
				63483D711C58389500A5C515 /* SocketEventHandler.swift in Sources */,
				63483D4B1C5823F900A5C515 /* AudioPlayer.swift in Sources */,
				63483D681C58389500A5C515 /* SocketAckEmitter.swift in Sources */,
				63483D6B1C58389500A5C515 /* SocketClientSpec.swift in Sources */,
				63DD6AA11C569F7500E50A6B /* AppDelegate.swift in Sources */,
				63483D781C58389500A5C515 /* SocketParsable.swift in Sources */,
				633415741C570F36000023C8 /* Triad.swift in Sources */,
				63DD6AA91C569F7500E50A6B /* MusicalTrivia.xcdatamodeld in Sources */,
				63483D7B1C58389500A5C515 /* SwiftRegex.swift in Sources */,
				63483D7D1C58389500A5C515 /* WebSocket.swift in Sources */,
				63483D6A1C58389500A5C515 /* SocketAnyEvent.swift in Sources */,
				63506EF71C56DE4900AA0C6B /* UserData.swift in Sources */,
				63483D761C58389500A5C515 /* SocketLogger.swift in Sources */,
				63483D731C58389500A5C515 /* SocketIOClient.swift in Sources */,
				63483D771C58389500A5C515 /* SocketPacket.swift in Sources */,
				63B581D51C56F62F00EFD835 /* ZenModeSettingsTableViewController.swift in Sources */,
				633415751C570F36000023C8 /* MusicNotationViewController.swift in Sources */,
				63483D6E1C58389500A5C515 /* SocketEngineClient.swift in Sources */,
				63483D6D1C58389500A5C515 /* SocketEngine.swift in Sources */,
				633415721C570F36000023C8 /* Note.swift in Sources */,
				63483D6F1C58389500A5C515 /* SocketEnginePacketType.swift in Sources */,
				63483D721C58389500A5C515 /* SocketFixUTF8.swift in Sources */,
				63506EF51C56D0BA00AA0C6B /* HomeViewController.swift in Sources */,
				63483D7F1C58510000A5C515 /* RouletteViewController.swift in Sources */,
				63483D701C58389500A5C515 /* SocketEngineSpec.swift in Sources */,
				63483D691C58389500A5C515 /* SocketAckManager.swift in Sources */,
				63483D501C58381A00A5C515 /* Connection.swift in Sources */,
				63483D791C58389500A5C515 /* SocketStringReader.swift in Sources */,
				63B581D31C56EED100EFD835 /* ZenModeViewController.swift in Sources */,
				63483D741C58389500A5C515 /* SocketIOClientOption.swift in Sources */,
				633415731C570F36000023C8 /* Scale.swift in Sources */,
				63483D7A1C58389500A5C515 /* SocketTypes.swift in Sources */,
				63483D471C5821BA00A5C515 /* Interval.swift in Sources */,
				63B581D71C56F75C00EFD835 /* Game.swift in Sources */,
			);
			runOnlyForDeploymentPostprocessing = 0;
		};
/* End PBXSourcesBuildPhase section */

/* Begin PBXVariantGroup section */
		63DD6AA41C569F7500E50A6B /* Main.storyboard */ = {
			isa = PBXVariantGroup;
			children = (
				63DD6AA51C569F7500E50A6B /* Base */,
			);
			name = Main.storyboard;
			sourceTree = "<group>";
		};
		63DD6AAC1C569F7500E50A6B /* LaunchScreen.storyboard */ = {
			isa = PBXVariantGroup;
			children = (
				63DD6AAD1C569F7500E50A6B /* Base */,
			);
			name = LaunchScreen.storyboard;
			sourceTree = "<group>";
		};
/* End PBXVariantGroup section */

/* Begin XCBuildConfiguration section */
		63DD6AB01C569F7500E50A6B /* Debug */ = {
			isa = XCBuildConfiguration;
			buildSettings = {
				ALWAYS_SEARCH_USER_PATHS = NO;
				CLANG_CXX_LANGUAGE_STANDARD = "gnu++0x";
				CLANG_CXX_LIBRARY = "libc++";
				CLANG_ENABLE_MODULES = YES;
				CLANG_ENABLE_OBJC_ARC = YES;
				CLANG_WARN_BOOL_CONVERSION = YES;
				CLANG_WARN_CONSTANT_CONVERSION = YES;
				CLANG_WARN_DIRECT_OBJC_ISA_USAGE = YES_ERROR;
				CLANG_WARN_EMPTY_BODY = YES;
				CLANG_WARN_ENUM_CONVERSION = YES;
				CLANG_WARN_INT_CONVERSION = YES;
				CLANG_WARN_OBJC_ROOT_CLASS = YES_ERROR;
				CLANG_WARN_UNREACHABLE_CODE = YES;
				CLANG_WARN__DUPLICATE_METHOD_MATCH = YES;
				"CODE_SIGN_IDENTITY[sdk=iphoneos*]" = "iPhone Developer";
				COPY_PHASE_STRIP = NO;
				DEBUG_INFORMATION_FORMAT = dwarf;
				ENABLE_STRICT_OBJC_MSGSEND = YES;
				ENABLE_TESTABILITY = YES;
				GCC_C_LANGUAGE_STANDARD = gnu99;
				GCC_DYNAMIC_NO_PIC = NO;
				GCC_NO_COMMON_BLOCKS = YES;
				GCC_OPTIMIZATION_LEVEL = 0;
				GCC_PREPROCESSOR_DEFINITIONS = (
					"DEBUG=1",
					"$(inherited)",
				);
				GCC_WARN_64_TO_32_BIT_CONVERSION = YES;
				GCC_WARN_ABOUT_RETURN_TYPE = YES_ERROR;
				GCC_WARN_UNDECLARED_SELECTOR = YES;
				GCC_WARN_UNINITIALIZED_AUTOS = YES_AGGRESSIVE;
				GCC_WARN_UNUSED_FUNCTION = YES;
				GCC_WARN_UNUSED_VARIABLE = YES;
				IPHONEOS_DEPLOYMENT_TARGET = 9.2;
				MTL_ENABLE_DEBUG_INFO = YES;
				ONLY_ACTIVE_ARCH = YES;
				SDKROOT = iphoneos;
				SWIFT_OPTIMIZATION_LEVEL = "-Onone";
				TARGETED_DEVICE_FAMILY = "1,2";
			};
			name = Debug;
		};
		63DD6AB11C569F7500E50A6B /* Release */ = {
			isa = XCBuildConfiguration;
			buildSettings = {
				ALWAYS_SEARCH_USER_PATHS = NO;
				CLANG_CXX_LANGUAGE_STANDARD = "gnu++0x";
				CLANG_CXX_LIBRARY = "libc++";
				CLANG_ENABLE_MODULES = YES;
				CLANG_ENABLE_OBJC_ARC = YES;
				CLANG_WARN_BOOL_CONVERSION = YES;
				CLANG_WARN_CONSTANT_CONVERSION = YES;
				CLANG_WARN_DIRECT_OBJC_ISA_USAGE = YES_ERROR;
				CLANG_WARN_EMPTY_BODY = YES;
				CLANG_WARN_ENUM_CONVERSION = YES;
				CLANG_WARN_INT_CONVERSION = YES;
				CLANG_WARN_OBJC_ROOT_CLASS = YES_ERROR;
				CLANG_WARN_UNREACHABLE_CODE = YES;
				CLANG_WARN__DUPLICATE_METHOD_MATCH = YES;
				"CODE_SIGN_IDENTITY[sdk=iphoneos*]" = "iPhone Developer";
				COPY_PHASE_STRIP = NO;
				DEBUG_INFORMATION_FORMAT = "dwarf-with-dsym";
				ENABLE_NS_ASSERTIONS = NO;
				ENABLE_STRICT_OBJC_MSGSEND = YES;
				GCC_C_LANGUAGE_STANDARD = gnu99;
				GCC_NO_COMMON_BLOCKS = YES;
				GCC_WARN_64_TO_32_BIT_CONVERSION = YES;
				GCC_WARN_ABOUT_RETURN_TYPE = YES_ERROR;
				GCC_WARN_UNDECLARED_SELECTOR = YES;
				GCC_WARN_UNINITIALIZED_AUTOS = YES_AGGRESSIVE;
				GCC_WARN_UNUSED_FUNCTION = YES;
				GCC_WARN_UNUSED_VARIABLE = YES;
				IPHONEOS_DEPLOYMENT_TARGET = 9.2;
				MTL_ENABLE_DEBUG_INFO = NO;
				SDKROOT = iphoneos;
				TARGETED_DEVICE_FAMILY = "1,2";
				VALIDATE_PRODUCT = YES;
			};
			name = Release;
		};
		63DD6AB31C569F7500E50A6B /* Debug */ = {
			isa = XCBuildConfiguration;
			buildSettings = {
				ASSETCATALOG_COMPILER_APPICON_NAME = AppIcon;
				CODE_SIGN_IDENTITY = "iPhone Developer";
				"CODE_SIGN_IDENTITY[sdk=iphoneos*]" = "iPhone Developer";
				FRAMEWORK_SEARCH_PATHS = (
					"$(inherited)",
					"$(PROJECT_DIR)",
				);
				INFOPLIST_FILE = MusicalTrivia/Info.plist;
				LD_RUNPATH_SEARCH_PATHS = "$(inherited) @executable_path/Frameworks";
				PRODUCT_BUNDLE_IDENTIFIER = codingdojo.david.MusicalTrivia;
				PRODUCT_NAME = "$(TARGET_NAME)";
				PROVISIONING_PROFILE = "";
			};
			name = Debug;
		};
		63DD6AB41C569F7500E50A6B /* Release */ = {
			isa = XCBuildConfiguration;
			buildSettings = {
				ASSETCATALOG_COMPILER_APPICON_NAME = AppIcon;
				CODE_SIGN_IDENTITY = "iPhone Developer";
				"CODE_SIGN_IDENTITY[sdk=iphoneos*]" = "iPhone Developer";
				FRAMEWORK_SEARCH_PATHS = (
					"$(inherited)",
					"$(PROJECT_DIR)",
				);
				INFOPLIST_FILE = MusicalTrivia/Info.plist;
				LD_RUNPATH_SEARCH_PATHS = "$(inherited) @executable_path/Frameworks";
				PRODUCT_BUNDLE_IDENTIFIER = codingdojo.david.MusicalTrivia;
				PRODUCT_NAME = "$(TARGET_NAME)";
				PROVISIONING_PROFILE = "";
			};
			name = Release;
		};
/* End XCBuildConfiguration section */

/* Begin XCConfigurationList section */
		63DD6A981C569F7500E50A6B /* Build configuration list for PBXProject "MusicalTrivia" */ = {
			isa = XCConfigurationList;
			buildConfigurations = (
				63DD6AB01C569F7500E50A6B /* Debug */,
				63DD6AB11C569F7500E50A6B /* Release */,
			);
			defaultConfigurationIsVisible = 0;
			defaultConfigurationName = Release;
		};
		63DD6AB21C569F7500E50A6B /* Build configuration list for PBXNativeTarget "MusicalTrivia" */ = {
			isa = XCConfigurationList;
			buildConfigurations = (
				63DD6AB31C569F7500E50A6B /* Debug */,
				63DD6AB41C569F7500E50A6B /* Release */,
			);
			defaultConfigurationIsVisible = 0;
			defaultConfigurationName = Release;
		};
/* End XCConfigurationList section */

/* Begin XCVersionGroup section */
		63DD6AA71C569F7500E50A6B /* MusicalTrivia.xcdatamodeld */ = {
			isa = XCVersionGroup;
			children = (
				63DD6AA81C569F7500E50A6B /* MusicalTrivia.xcdatamodel */,
			);
			currentVersion = 63DD6AA81C569F7500E50A6B /* MusicalTrivia.xcdatamodel */;
			path = MusicalTrivia.xcdatamodeld;
			sourceTree = "<group>";
			versionGroupType = wrapper.xcdatamodel;
		};
/* End XCVersionGroup section */
	};
	rootObject = 63DD6A951C569F7500E50A6B /* Project object */;
}
